
Microsoft Visual Studio Solution File, Format Version 12.00
# Visual Studio Version 16
VisualStudioVersion = 16.0.31424.327
MinimumVisualStudioVersion = 10.0.40219.1
Project("{2150E333-8FDC-42A3-9474-1A3956D46DE8}") = "books", "books", "{1617E91D-BE30-4781-9E52-E6DAB6F50D26}"
EndProject
Project("{2150E333-8FDC-42A3-9474-1A3956D46DE8}") = "blogs", "blogs", "{0F081F0E-7F4C-483C-BB2B-5FB8DF937DEE}"
EndProject
Project("{FAE04EC0-301F-11D3-BF4B-00C04F79EFBC}") = "01_Singleton", "01_Singleton\01_Singleton.csproj", "{5CC82080-C87F-495E-8502-13B7D7EDB554}"
EndProject
Project("{FAE04EC0-301F-11D3-BF4B-00C04F79EFBC}") = "001_Singleton", "001_Singleton\001_Singleton.csproj", "{C1AE306C-A5B8-4B7B-8F5A-CC184A7FF3ED}"
EndProject
Global
	GlobalSection(SolutionConfigurationPlatforms) = preSolution
		Debug|Any CPU = Debug|Any CPU
		Release|Any CPU = Release|Any CPU
	EndGlobalSection
	GlobalSection(ProjectConfigurationPlatforms) = postSolution
		{5CC82080-C87F-495E-8502-13B7D7EDB554}.Debug|Any CPU.ActiveCfg = Debug|Any CPU
		{5CC82080-C87F-495E-8502-13B7D7EDB554}.Debug|Any CPU.Build.0 = Debug|Any CPU
		{5CC82080-C87F-495E-8502-13B7D7EDB554}.Release|Any CPU.ActiveCfg = Release|Any CPU
		{5CC82080-C87F-495E-8502-13B7D7EDB554}.Release|Any CPU.Build.0 = Release|Any CPU
		{C1AE306C-A5B8-4B7B-8F5A-CC184A7FF3ED}.Debug|Any CPU.ActiveCfg = Debug|Any CPU
		{C1AE306C-A5B8-4B7B-8F5A-CC184A7FF3ED}.Debug|Any CPU.Build.0 = Debug|Any CPU
		{C1AE306C-A5B8-4B7B-8F5A-CC184A7FF3ED}.Release|Any CPU.ActiveCfg = Release|Any CPU
		{C1AE306C-A5B8-4B7B-8F5A-CC184A7FF3ED}.Release|Any CPU.Build.0 = Release|Any CPU
	EndGlobalSection
	GlobalSection(SolutionProperties) = preSolution
		HideSolutionNode = FALSE
	EndGlobalSection
	GlobalSection(NestedProjects) = preSolution
		{5CC82080-C87F-495E-8502-13B7D7EDB554} = {0F081F0E-7F4C-483C-BB2B-5FB8DF937DEE}
		{C1AE306C-A5B8-4B7B-8F5A-CC184A7FF3ED} = {1617E91D-BE30-4781-9E52-E6DAB6F50D26}
	EndGlobalSection
	GlobalSection(ExtensibilityGlobals) = postSolution
		SolutionGuid = {BA9FD4D6-77F8-4B29-90B1-A12989453868}
	EndGlobalSection
EndGlobal
